
Microsoft Visual Studio Solution File, Format Version 12.00
# Visual Studio Version 17
VisualStudioVersion = 17.0.31903.59
MinimumVisualStudioVersion = 10.0.40219.1
Project("{2150E333-8FDC-42A3-9474-1A3956D46DE8}") = "src", "src", "{9CA58EC3-154D-4676-A8C5-D16F8AE246B0}"
EndProject
Project("{FAE04EC0-301F-11D3-BF4B-00C04F79EFBC}") = "Labs.WebServer", "src\Labs.WebServer\Labs.WebServer.csproj", "{624C8DEE-8173-4502-AC4A-90376DF569C6}"
EndProject
Project("{2150E333-8FDC-42A3-9474-1A3956D46DE8}") = "test", "test", "{D7FE6742-2561-47EC-8552-19B61ABA056D}"
EndProject
Project("{FAE04EC0-301F-11D3-BF4B-00C04F79EFBC}") = "Labs.WebServer.Tests", "test\Labs.WebServer.Tests\Labs.WebServer.Tests.csproj", "{04DF2784-FA26-4436-A4FE-549EA9F2D14F}"
EndProject
Project("{2150E333-8FDC-42A3-9474-1A3956D46DE8}") = "benchmarks", "benchmarks", "{E38B6346-1823-426F-8D3E-CB4F27973448}"
EndProject
Project("{FAE04EC0-301F-11D3-BF4B-00C04F79EFBC}") = "Labs.WebServer.Benchmarks", "benchmarks\Labs.WebServer.Benchmarks\Labs.WebServer.Benchmarks.csproj", "{D74383A1-41B3-42AD-A004-A833E268EA85}"
EndProject
Project("{9A19103F-16F7-4668-BE54-9A1E7A4F7556}") = "_build", "build\_build.csproj", "{AE332E3E-44FD-4340-AB71-3FF14FF3D2A1}"
EndProject
Global
	GlobalSection(SolutionConfigurationPlatforms) = preSolution
		Debug|Any CPU = Debug|Any CPU
		Release|Any CPU = Release|Any CPU
	EndGlobalSection
	GlobalSection(SolutionProperties) = preSolution
		HideSolutionNode = FALSE
	EndGlobalSection
	GlobalSection(ProjectConfigurationPlatforms) = postSolution
		{AE332E3E-44FD-4340-AB71-3FF14FF3D2A1}.Debug|Any CPU.ActiveCfg = Debug|Any CPU
		{AE332E3E-44FD-4340-AB71-3FF14FF3D2A1}.Release|Any CPU.ActiveCfg = Release|Any CPU
		{624C8DEE-8173-4502-AC4A-90376DF569C6}.Debug|Any CPU.ActiveCfg = Debug|Any CPU
		{624C8DEE-8173-4502-AC4A-90376DF569C6}.Debug|Any CPU.Build.0 = Debug|Any CPU
		{624C8DEE-8173-4502-AC4A-90376DF569C6}.Release|Any CPU.ActiveCfg = Release|Any CPU
		{624C8DEE-8173-4502-AC4A-90376DF569C6}.Release|Any CPU.Build.0 = Release|Any CPU
		{04DF2784-FA26-4436-A4FE-549EA9F2D14F}.Debug|Any CPU.ActiveCfg = Debug|Any CPU
		{04DF2784-FA26-4436-A4FE-549EA9F2D14F}.Debug|Any CPU.Build.0 = Debug|Any CPU
		{04DF2784-FA26-4436-A4FE-549EA9F2D14F}.Release|Any CPU.ActiveCfg = Release|Any CPU
		{04DF2784-FA26-4436-A4FE-549EA9F2D14F}.Release|Any CPU.Build.0 = Release|Any CPU
		{D74383A1-41B3-42AD-A004-A833E268EA85}.Debug|Any CPU.ActiveCfg = Debug|Any CPU
		{D74383A1-41B3-42AD-A004-A833E268EA85}.Debug|Any CPU.Build.0 = Debug|Any CPU
		{D74383A1-41B3-42AD-A004-A833E268EA85}.Release|Any CPU.ActiveCfg = Release|Any CPU
		{D74383A1-41B3-42AD-A004-A833E268EA85}.Release|Any CPU.Build.0 = Release|Any CPU
	EndGlobalSection
	GlobalSection(NestedProjects) = preSolution
		{624C8DEE-8173-4502-AC4A-90376DF569C6} = {9CA58EC3-154D-4676-A8C5-D16F8AE246B0}
		{04DF2784-FA26-4436-A4FE-549EA9F2D14F} = {D7FE6742-2561-47EC-8552-19B61ABA056D}
		{D74383A1-41B3-42AD-A004-A833E268EA85} = {E38B6346-1823-426F-8D3E-CB4F27973448}
	EndGlobalSection
EndGlobal
